{
  "name": "root-project",
  "version": "1.0.0",
  "lockfileVersion": 3,
  "requires": true,
  "packages": {
    "": {
      "name": "root-project",
      "version": "1.0.0"
    },
    "backend": {
      "version": "1.0.0",
      "extraneous": true,
      "license": "ISC",
      "dependencies": {
        "cors": "^2.8.5",
        "express": "^4.19.2",
        "ws": "^8.18.0"
      },
      "devDependencies": {
        "@types/express": "^4.17.13",
        "@types/node": "^14.14.31",
        "nodemon": "^2.0.7",
        "ts-node": "^10.0.0",
        "typescript": "^4.9.5"
      }
    },
    "frontend": {
      "version": "0.1.0",
      "extraneous": true,
      "dependencies": {
        "chart.js": "^4.4.3",
        "react": "^18.3.1",
        "react-chartjs-2": "^5.2.0",
        "react-dom": "^18.3.1",
        "react-modal": "^3.16.1",
        "react-scripts": "^5.0.1",
        "web-vitals": "^2.1.4"
      },
      "devDependencies": {
        "@testing-library/jest-dom": "^5.17.0",
        "@testing-library/react": "^13.4.0",
        "@testing-library/user-event": "^13.5.0",
        "@types/react-modal": "^3.16.3",
        "@types/ws": "^8.5.12",
        "typescript": "^4.9.5"
      }
    },
    "post-processing": {
      "version": "1.0.0",
      "extraneous": true,
      "license": "ISC",
      "dependencies": {
        "node-red": "^3.0.0",
        "node-red-node-email": "^3.0.1"
      }
    }
  }
}
